// !$*UTF8*$!
{
	archiveVersion = 1;
	classes = {
	};
	objectVersion = 46;
	objects = {

/* Begin PBXBuildFile section */
		6DA693441A2095D900DFEEF9 /* main.m in Sources */ = {isa = PBXBuildFile; fileRef = 6DA693431A2095D900DFEEF9 /* main.m */; };
		6DA693471A2095D900DFEEF9 /* AppDelegate.m in Sources */ = {isa = PBXBuildFile; fileRef = 6DA693461A2095D900DFEEF9 /* AppDelegate.m */; };
		6DA6934A1A2095D900DFEEF9 /* ViewController.m in Sources */ = {isa = PBXBuildFile; fileRef = 6DA693491A2095D900DFEEF9 /* ViewController.m */; };
		6DA6934D1A2095D900DFEEF9 /* Main.storyboard in Resources */ = {isa = PBXBuildFile; fileRef = 6DA6934B1A2095D900DFEEF9 /* Main.storyboard */; };
		6DA6934F1A2095D900DFEEF9 /* Images.xcassets in Resources */ = {isa = PBXBuildFile; fileRef = 6DA6934E1A2095D900DFEEF9 /* Images.xcassets */; };
		6DA693521A2095D900DFEEF9 /* LaunchScreen.xib in Resources */ = {isa = PBXBuildFile; fileRef = 6DA693501A2095D900DFEEF9 /* LaunchScreen.xib */; };
		6DA6935E1A2095D900DFEEF9 /* WorkForItTests.m in Sources */ = {isa = PBXBuildFile; fileRef = 6DA6935D1A2095D900DFEEF9 /* WorkForItTests.m */; };
		6DA693691A2096B100DFEEF9 /* ParentViewController.m in Sources */ = {isa = PBXBuildFile; fileRef = 6DA693681A2096B100DFEEF9 /* ParentViewController.m */; };
		6DA6936C1A2096C500DFEEF9 /* ChildViewController.m in Sources */ = {isa = PBXBuildFile; fileRef = 6DA6936B1A2096C500DFEEF9 /* ChildViewController.m */; };
/* End PBXBuildFile section */

/* Begin PBXContainerItemProxy section */
		6DA693581A2095D900DFEEF9 /* PBXContainerItemProxy */ = {
			isa = PBXContainerItemProxy;
			containerPortal = 6DA693361A2095D900DFEEF9 /* Project object */;
			proxyType = 1;
			remoteGlobalIDString = 6DA6933D1A2095D900DFEEF9;
			remoteInfo = WorkForIt;
		};
/* End PBXContainerItemProxy section */

/* Begin PBXFileReference section */
		6DA6933E1A2095D900DFEEF9 /* WorkForIt.app */ = {isa = PBXFileReference; explicitFileType = wrapper.application; includeInIndex = 0; path = WorkForIt.app; sourceTree = BUILT_PRODUCTS_DIR; };
		6DA693421A2095D900DFEEF9 /* Info.plist */ = {isa = PBXFileReference; lastKnownFileType = text.plist.xml; path = Info.plist; sourceTree = "<group>"; };
		6DA693431A2095D900DFEEF9 /* main.m */ = {isa = PBXFileReference; lastKnownFileType = sourcecode.c.objc; path = main.m; sourceTree = "<group>"; };
		6DA693451A2095D900DFEEF9 /* AppDelegate.h */ = {isa = PBXFileReference; lastKnownFileType = sourcecode.c.h; path = AppDelegate.h; sourceTree = "<group>"; };
		6DA693461A2095D900DFEEF9 /* AppDelegate.m */ = {isa = PBXFileReference; lastKnownFileType = sourcecode.c.objc; path = AppDelegate.m; sourceTree = "<group>"; };
		6DA693481A2095D900DFEEF9 /* ViewController.h */ = {isa = PBXFileReference; lastKnownFileType = sourcecode.c.h; path = ViewController.h; sourceTree = "<group>"; };
		6DA693491A2095D900DFEEF9 /* ViewController.m */ = {isa = PBXFileReference; lastKnownFileType = sourcecode.c.objc; path = ViewController.m; sourceTree = "<group>"; };
		6DA6934C1A2095D900DFEEF9 /* Base */ = {isa = PBXFileReference; lastKnownFileType = file.storyboard; name = Base; path = Base.lproj/Main.storyboard; sourceTree = "<group>"; };
		6DA6934E1A2095D900DFEEF9 /* Images.xcassets */ = {isa = PBXFileReference; lastKnownFileType = folder.assetcatalog; path = Images.xcassets; sourceTree = "<group>"; };
		6DA693511A2095D900DFEEF9 /* Base */ = {isa = PBXFileReference; lastKnownFileType = file.xib; name = Base; path = Base.lproj/LaunchScreen.xib; sourceTree = "<group>"; };
		6DA693571A2095D900DFEEF9 /* WorkForItTests.xctest */ = {isa = PBXFileReference; explicitFileType = wrapper.cfbundle; includeInIndex = 0; path = WorkForItTests.xctest; sourceTree = BUILT_PRODUCTS_DIR; };
		6DA6935C1A2095D900DFEEF9 /* Info.plist */ = {isa = PBXFileReference; lastKnownFileType = text.plist.xml; path = Info.plist; sourceTree = "<group>"; };
		6DA6935D1A2095D900DFEEF9 /* WorkForItTests.m */ = {isa = PBXFileReference; lastKnownFileType = sourcecode.c.objc; path = WorkForItTests.m; sourceTree = "<group>"; };
		6DA693671A2096B100DFEEF9 /* ParentViewController.h */ = {isa = PBXFileReference; fileEncoding = 4; lastKnownFileType = sourcecode.c.h; name = ParentViewController.h; path = ../ParentViewController.h; sourceTree = "<group>"; };
		6DA693681A2096B100DFEEF9 /* ParentViewController.m */ = {isa = PBXFileReference; fileEncoding = 4; lastKnownFileType = sourcecode.c.objc; name = ParentViewController.m; path = ../ParentViewController.m; sourceTree = "<group>"; };
		6DA6936A1A2096C500DFEEF9 /* ChildViewController.h */ = {isa = PBXFileReference; fileEncoding = 4; lastKnownFileType = sourcecode.c.h; name = ChildViewController.h; path = ../ChildViewController.h; sourceTree = "<group>"; };
		6DA6936B1A2096C500DFEEF9 /* ChildViewController.m */ = {isa = PBXFileReference; fileEncoding = 4; lastKnownFileType = sourcecode.c.objc; name = ChildViewController.m; path = ../ChildViewController.m; sourceTree = "<group>"; };
/* End PBXFileReference section */

/* Begin PBXFrameworksBuildPhase section */
		6DA6933B1A2095D900DFEEF9 /* Frameworks */ = {
			isa = PBXFrameworksBuildPhase;
			buildActionMask = 2147483647;
			files = (
			);
			runOnlyForDeploymentPostprocessing = 0;
		};
		6DA693541A2095D900DFEEF9 /* Frameworks */ = {
			isa = PBXFrameworksBuildPhase;
			buildActionMask = 2147483647;
			files = (
			);
			runOnlyForDeploymentPostprocessing = 0;
		};
/* End PBXFrameworksBuildPhase section */

/* Begin PBXGroup section */
		6DA693351A2095D800DFEEF9 = {
			isa = PBXGroup;
			children = (
				6DA693401A2095D900DFEEF9 /* WorkForIt */,
				6DA6935A1A2095D900DFEEF9 /* WorkForItTests */,
				6DA6933F1A2095D900DFEEF9 /* Products */,
			);
			sourceTree = "<group>";
		};
		6DA6933F1A2095D900DFEEF9 /* Products */ = {
			isa = PBXGroup;
			children = (
				6DA6933E1A2095D900DFEEF9 /* WorkForIt.app */,
				6DA693571A2095D900DFEEF9 /* WorkForItTests.xctest */,
			);
			name = Products;
			sourceTree = "<group>";
		};
		6DA693401A2095D900DFEEF9 /* WorkForIt */ = {
			isa = PBXGroup;
			children = (
				6DA693451A2095D900DFEEF9 /* AppDelegate.h */,
				6DA6936A1A2096C500DFEEF9 /* ChildViewController.h */,
				6DA6936B1A2096C500DFEEF9 /* ChildViewController.m */,
				6DA693671A2096B100DFEEF9 /* ParentViewController.h */,
				6DA693681A2096B100DFEEF9 /* ParentViewController.m */,
				6DA693461A2095D900DFEEF9 /* AppDelegate.m */,
				6DA693481A2095D900DFEEF9 /* ViewController.h */,
				6DA693491A2095D900DFEEF9 /* ViewController.m */,
				6DA6934B1A2095D900DFEEF9 /* Main.storyboard */,
				6DA6934E1A2095D900DFEEF9 /* Images.xcassets */,
				6DA693501A2095D900DFEEF9 /* LaunchScreen.xib */,
				6DA693411A2095D900DFEEF9 /* Supporting Files */,
			);
			path = WorkForIt;
			sourceTree = "<group>";
		};
		6DA693411A2095D900DFEEF9 /* Supporting Files */ = {
			isa = PBXGroup;
			children = (
				6DA693421A2095D900DFEEF9 /* Info.plist */,
				6DA693431A2095D900DFEEF9 /* main.m */,
			);
			name = "Supporting Files";
			sourceTree = "<group>";
		};
		6DA6935A1A2095D900DFEEF9 /* WorkForItTests */ = {
			isa = PBXGroup;
			children = (
				6DA6935D1A2095D900DFEEF9 /* WorkForItTests.m */,
				6DA6935B1A2095D900DFEEF9 /* Supporting Files */,
			);
			path = WorkForItTests;
			sourceTree = "<group>";
		};
		6DA6935B1A2095D900DFEEF9 /* Supporting Files */ = {
			isa = PBXGroup;
			children = (
				6DA6935C1A2095D900DFEEF9 /* Info.plist */,
			);
			name = "Supporting Files";
			sourceTree = "<group>";
		};
/* End PBXGroup section */

/* Begin PBXNativeTarget section */
		6DA6933D1A2095D900DFEEF9 /* WorkForIt */ = {
			isa = PBXNativeTarget;
			buildConfigurationList = 6DA693611A2095D900DFEEF9 /* Build configuration list for PBXNativeTarget "WorkForIt" */;
			buildPhases = (
				6DA6933A1A2095D900DFEEF9 /* Sources */,
				6DA6933B1A2095D900DFEEF9 /* Frameworks */,
				6DA6933C1A2095D900DFEEF9 /* Resources */,
			);
			buildRules = (
			);
			dependencies = (
			);
			name = WorkForIt;
			productName = WorkForIt;
			productReference = 6DA6933E1A2095D900DFEEF9 /* WorkForIt.app */;
			productType = "com.apple.product-type.application";
		};
		6DA693561A2095D900DFEEF9 /* WorkForItTests */ = {
			isa = PBXNativeTarget;
			buildConfigurationList = 6DA693641A2095D900DFEEF9 /* Build configuration list for PBXNativeTarget "WorkForItTests" */;
			buildPhases = (
				6DA693531A2095D900DFEEF9 /* Sources */,
				6DA693541A2095D900DFEEF9 /* Frameworks */,
				6DA693551A2095D900DFEEF9 /* Resources */,
			);
			buildRules = (
			);
			dependencies = (
				6DA693591A2095D900DFEEF9 /* PBXTargetDependency */,
			);
			name = WorkForItTests;
			productName = WorkForItTests;
			productReference = 6DA693571A2095D900DFEEF9 /* WorkForItTests.xctest */;
			productType = "com.apple.product-type.bundle.unit-test";
		};
/* End PBXNativeTarget section */

/* Begin PBXProject section */
		6DA693361A2095D900DFEEF9 /* Project object */ = {
			isa = PBXProject;
			attributes = {
				LastUpgradeCheck = 0610;
				ORGANIZATIONNAME = Nitesh;
				TargetAttributes = {
					6DA6933D1A2095D900DFEEF9 = {
						CreatedOnToolsVersion = 6.1;
					};
					6DA693561A2095D900DFEEF9 = {
						CreatedOnToolsVersion = 6.1;
						TestTargetID = 6DA6933D1A2095D900DFEEF9;
					};
				};
			};
			buildConfigurationList = 6DA693391A2095D900DFEEF9 /* Build configuration list for PBXProject "WorkForIt" */;
			compatibilityVersion = "Xcode 3.2";
			developmentRegion = English;
			hasScannedForEncodings = 0;
			knownRegions = (
				en,
				Base,
			);
			mainGroup = 6DA693351A2095D800DFEEF9;
			productRefGroup = 6DA6933F1A2095D900DFEEF9 /* Products */;
			projectDirPath = "";
			projectRoot = "";
			targets = (
				6DA6933D1A2095D900DFEEF9 /* WorkForIt */,
				6DA693561A2095D900DFEEF9 /* WorkForItTests */,
			);
		};
/* End PBXProject section */

/* Begin PBXResourcesBuildPhase section */
		6DA6933C1A2095D900DFEEF9 /* Resources */ = {
			isa = PBXResourcesBuildPhase;
			buildActionMask = 2147483647;
			files = (
				6DA6934D1A2095D900DFEEF9 /* Main.storyboard in Resources */,
				6DA693521A2095D900DFEEF9 /* LaunchScreen.xib in Resources */,
				6DA6934F1A2095D900DFEEF9 /* Images.xcassets in Resources */,
			);
			runOnlyForDeploymentPostprocessing = 0;
		};
		6DA693551A2095D900DFEEF9 /* Resources */ = {
			isa = PBXResourcesBuildPhase;
			buildActionMask = 2147483647;
			files = (
			);
			runOnlyForDeploymentPostprocessing = 0;
		};
/* End PBXResourcesBuildPhase section */

/* Begin PBXSourcesBuildPhase section */
		6DA6933A1A2095D900DFEEF9 /* Sources */ = {
			isa = PBXSourcesBuildPhase;
			buildActionMask = 2147483647;
			files = (
				6DA6934A1A2095D900DFEEF9 /* ViewController.m in Sources */,
				6DA693471A2095D900DFEEF9 /* AppDelegate.m in Sources */,
				6DA6936C1A2096C500DFEEF9 /* ChildViewController.m in Sources */,
				6DA693691A2096B100DFEEF9 /* ParentViewController.m in Sources */,
				6DA693441A2095D900DFEEF9 /* main.m in Sources */,
			);
			runOnlyForDeploymentPostprocessing = 0;
		};
		6DA693531A2095D900DFEEF9 /* Sources */ = {
			isa = PBXSourcesBuildPhase;
			buildActionMask = 2147483647;
			files = (
				6DA6935E1A2095D900DFEEF9 /* WorkForItTests.m in Sources */,
			);
			runOnlyForDeploymentPostprocessing = 0;
		};
/* End PBXSourcesBuildPhase section */

/* Begin PBXTargetDependency section */
		6DA693591A2095D900DFEEF9 /* PBXTargetDependency */ = {
			isa = PBXTargetDependency;
			target = 6DA6933D1A2095D900DFEEF9 /* WorkForIt */;
			targetProxy = 6DA693581A2095D900DFEEF9 /* PBXContainerItemProxy */;
		};
/* End PBXTargetDependency section */

/* Begin PBXVariantGroup section */
		6DA6934B1A2095D900DFEEF9 /* Main.storyboard */ = {
			isa = PBXVariantGroup;
			children = (
				6DA6934C1A2095D900DFEEF9 /* Base */,
			);
			name = Main.storyboard;
			sourceTree = "<group>";
		};
		6DA693501A2095D900DFEEF9 /* LaunchScreen.xib */ = {
			isa = PBXVariantGroup;
			children = (
				6DA693511A2095D900DFEEF9 /* Base */,
			);
			name = LaunchScreen.xib;
			sourceTree = "<group>";
		};
/* End PBXVariantGroup section */

/* Begin XCBuildConfiguration section */
		6DA6935F1A2095D900DFEEF9 /* Debug */ = {
			isa = XCBuildConfiguration;
			buildSettings = {
				ALWAYS_SEARCH_USER_PATHS = NO;
				CLANG_CXX_LANGUAGE_STANDARD = "gnu++0x";
				CLANG_CXX_LIBRARY = "libc++";
				CLANG_ENABLE_MODULES = YES;
				CLANG_ENABLE_OBJC_ARC = YES;
				CLANG_WARN_BOOL_CONVERSION = YES;
				CLANG_WARN_CONSTANT_CONVERSION = YES;
				CLANG_WARN_DIRECT_OBJC_ISA_USAGE = YES_ERROR;
				CLANG_WARN_EMPTY_BODY = YES;
				CLANG_WARN_ENUM_CONVERSION = YES;
				CLANG_WARN_INT_CONVERSION = YES;
				CLANG_WARN_OBJC_ROOT_CLASS = YES_ERROR;
				CLANG_WARN_UNREACHABLE_CODE = YES;
				CLANG_WARN__DUPLICATE_METHOD_MATCH = YES;
				"CODE_SIGN_IDENTITY[sdk=iphoneos*]" = "iPhone Developer";
				COPY_PHASE_STRIP = NO;
				ENABLE_STRICT_OBJC_MSGSEND = YES;
				GCC_C_LANGUAGE_STANDARD = gnu99;
				GCC_DYNAMIC_NO_PIC = NO;
				GCC_OPTIMIZATION_LEVEL = 0;
				GCC_PREPROCESSOR_DEFINITIONS = (
					"DEBUG=1",
					"$(inherited)",
				);
				GCC_SYMBOLS_PRIVATE_EXTERN = NO;
				GCC_WARN_64_TO_32_BIT_CONVERSION = YES;
				GCC_WARN_ABOUT_RETURN_TYPE = YES_ERROR;
				GCC_WARN_UNDECLARED_SELECTOR = YES;
				GCC_WARN_UNINITIALIZED_AUTOS = YES_AGGRESSIVE;
				GCC_WARN_UNUSED_FUNCTION = YES;
				GCC_WARN_UNUSED_VARIABLE = YES;
				IPHONEOS_DEPLOYMENT_TARGET = 8.1;
				MTL_ENABLE_DEBUG_INFO = YES;
				ONLY_ACTIVE_ARCH = YES;
				SDKROOT = iphoneos;
			};
			name = Debug;
		};
		6DA693601A2095D900DFEEF9 /* Release */ = {
			isa = XCBuildConfiguration;
			buildSettings = {
				ALWAYS_SEARCH_USER_PATHS = NO;
				CLANG_CXX_LANGUAGE_STANDARD = "gnu++0x";
				CLANG_CXX_LIBRARY = "libc++";
				CLANG_ENABLE_MODULES = YES;
				CLANG_ENABLE_OBJC_ARC = YES;
				CLANG_WARN_BOOL_CONVERSION = YES;
				CLANG_WARN_CONSTANT_CONVERSION = YES;
				CLANG_WARN_DIRECT_OBJC_ISA_USAGE = YES_ERROR;
				CLANG_WARN_EMPTY_BODY = YES;
				CLANG_WARN_ENUM_CONVERSION = YES;
				CLANG_WARN_INT_CONVERSION = YES;
				CLANG_WARN_OBJC_ROOT_CLASS = YES_ERROR;
				CLANG_WARN_UNREACHABLE_CODE = YES;
				CLANG_WARN__DUPLICATE_METHOD_MATCH = YES;
				"CODE_SIGN_IDENTITY[sdk=iphoneos*]" = "iPhone Developer";
				COPY_PHASE_STRIP = YES;
				ENABLE_NS_ASSERTIONS = NO;
				ENABLE_STRICT_OBJC_MSGSEND = YES;
				GCC_C_LANGUAGE_STANDARD = gnu99;
				GCC_WARN_64_TO_32_BIT_CONVERSION = YES;
				GCC_WARN_ABOUT_RETURN_TYPE = YES_ERROR;
				GCC_WARN_UNDECLARED_SELECTOR = YES;
				GCC_WARN_UNINITIALIZED_AUTOS = YES_AGGRESSIVE;
				GCC_WARN_UNUSED_FUNCTION = YES;
				GCC_WARN_UNUSED_VARIABLE = YES;
				IPHONEOS_DEPLOYMENT_TARGET = 8.1;
				MTL_ENABLE_DEBUG_INFO = NO;
				SDKROOT = iphoneos;
				VALIDATE_PRODUCT = YES;
			};
			name = Release;
		};
		6DA693621A2095D900DFEEF9 /* Debug */ = {
			isa = XCBuildConfiguration;
			buildSettings = {
				ASSETCATALOG_COMPILER_APPICON_NAME = AppIcon;
				INFOPLIST_FILE = WorkForIt/Info.plist;
				LD_RUNPATH_SEARCH_PATHS = "$(inherited) @executable_path/Frameworks";
				PRODUCT_NAME = "$(TARGET_NAME)";
			};
			name = Debug;
		};
		6DA693631A2095D900DFEEF9 /* Release */ = {
			isa = XCBuildConfiguration;
			buildSettings = {
				ASSETCATALOG_COMPILER_APPICON_NAME = AppIcon;
				INFOPLIST_FILE = WorkForIt/Info.plist;
				LD_RUNPATH_SEARCH_PATHS = "$(inherited) @executable_path/Frameworks";
				PRODUCT_NAME = "$(TARGET_NAME)";
			};
			name = Release;
		};
		6DA693651A2095D900DFEEF9 /* Debug */ = {
			isa = XCBuildConfiguration;
			buildSettings = {
				BUNDLE_LOADER = "$(TEST_HOST)";
				FRAMEWORK_SEARCH_PATHS = (
					"$(SDKROOT)/Developer/Library/Frameworks",
					"$(inherited)",
				);
				GCC_PREPROCESSOR_DEFINITIONS = (
					"DEBUG=1",
					"$(inherited)",
				);
				INFOPLIST_FILE = WorkForItTests/Info.plist;
				LD_RUNPATH_SEARCH_PATHS = "$(inherited) @executable_path/Frameworks @loader_path/Frameworks";
				PRODUCT_NAME = "$(TARGET_NAME)";
				TEST_HOST = "$(BUILT_PRODUCTS_DIR)/WorkForIt.app/WorkForIt";
			};
			name = Debug;
		};
		6DA693661A2095D900DFEEF9 /* Release */ = {
			isa = XCBuildConfiguration;
			buildSettings = {
				BUNDLE_LOADER = "$(TEST_HOST)";
				FRAMEWORK_SEARCH_PATHS = (
					"$(SDKROOT)/Developer/Library/Frameworks",
					"$(inherited)",
				);
				INFOPLIST_FILE = WorkForItTests/Info.plist;
				LD_RUNPATH_SEARCH_PATHS = "$(inherited) @executable_path/Frameworks @loader_path/Frameworks";
				PRODUCT_NAME = "$(TARGET_NAME)";
				TEST_HOST = "$(BUILT_PRODUCTS_DIR)/WorkForIt.app/WorkForIt";
			};
			name = Release;
		};
/* End XCBuildConfiguration section */

/* Begin XCConfigurationList section */
		6DA693391A2095D900DFEEF9 /* Build configuration list for PBXProject "WorkForIt" */ = {
			isa = XCConfigurationList;
			buildConfigurations = (
				6DA6935F1A2095D900DFEEF9 /* Debug */,
				6DA693601A2095D900DFEEF9 /* Release */,
			);
			defaultConfigurationIsVisible = 0;
			defaultConfigurationName = Release;
		};
		6DA693611A2095D900DFEEF9 /* Build configuration list for PBXNativeTarget "WorkForIt" */ = {
			isa = XCConfigurationList;
			buildConfigurations = (
				6DA693621A2095D900DFEEF9 /* Debug */,
				6DA693631A2095D900DFEEF9 /* Release */,
			);
			defaultConfigurationIsVisible = 0;
		};
		6DA693641A2095D900DFEEF9 /* Build configuration list for PBXNativeTarget "WorkForItTests" */ = {
			isa = XCConfigurationList;
			buildConfigurations = (
				6DA693651A2095D900DFEEF9 /* Debug */,
				6DA693661A2095D900DFEEF9 /* Release */,
			);
			defaultConfigurationIsVisible = 0;
		};
/* End XCConfigurationList section */
	};
	rootObject = 6DA693361A2095D900DFEEF9 /* Project object */;
}
